
Microsoft Visual Studio Solution File, Format Version 12.00
# Visual Studio Version 16
VisualStudioVersion = 16.0.31829.152
MinimumVisualStudioVersion = 10.0.40219.1
Project("{FAE04EC0-301F-11D3-BF4B-00C04F79EFBC}") = "EjemploBindingApp", "EjemploBindingApp\EjemploBindingApp.csproj", "{64945ECB-A465-4B3B-95A1-5F69F21C0323}"
EndProject
Global
	GlobalSection(SolutionConfigurationPlatforms) = preSolution
		Debug|Any CPU = Debug|Any CPU
		Release|Any CPU = Release|Any CPU
	EndGlobalSection
	GlobalSection(ProjectConfigurationPlatforms) = postSolution
		{64945ECB-A465-4B3B-95A1-5F69F21C0323}.Debug|Any CPU.ActiveCfg = Debug|Any CPU
		{64945ECB-A465-4B3B-95A1-5F69F21C0323}.Debug|Any CPU.Build.0 = Debug|Any CPU
		{64945ECB-A465-4B3B-95A1-5F69F21C0323}.Release|Any CPU.ActiveCfg = Release|Any CPU
		{64945ECB-A465-4B3B-95A1-5F69F21C0323}.Release|Any CPU.Build.0 = Release|Any CPU
	EndGlobalSection
	GlobalSection(SolutionProperties) = preSolution
		HideSolutionNode = FALSE
	EndGlobalSection
	GlobalSection(ExtensibilityGlobals) = postSolution
		SolutionGuid = {055BB4FA-A283-4698-BF0F-86FD41E35363}
	EndGlobalSection
EndGlobal
