
Microsoft Visual Studio Solution File, Format Version 12.00
# Visual Studio Version 16
VisualStudioVersion = 16.0.31729.503
MinimumVisualStudioVersion = 10.0.40219.1
Project("{FAE04EC0-301F-11D3-BF4B-00C04F79EFBC}") = "Saludar-RSG", "Saludar-RSG.csproj", "{3322700B-99A0-4CAF-8480-8970CBBC72AE}"
EndProject
Global
	GlobalSection(SolutionConfigurationPlatforms) = preSolution
		Debug|Any CPU = Debug|Any CPU
		Release|Any CPU = Release|Any CPU
	EndGlobalSection
	GlobalSection(ProjectConfigurationPlatforms) = postSolution
		{3322700B-99A0-4CAF-8480-8970CBBC72AE}.Debug|Any CPU.ActiveCfg = Debug|Any CPU
		{3322700B-99A0-4CAF-8480-8970CBBC72AE}.Debug|Any CPU.Build.0 = Debug|Any CPU
		{3322700B-99A0-4CAF-8480-8970CBBC72AE}.Release|Any CPU.ActiveCfg = Release|Any CPU
		{3322700B-99A0-4CAF-8480-8970CBBC72AE}.Release|Any CPU.Build.0 = Release|Any CPU
	EndGlobalSection
	GlobalSection(SolutionProperties) = preSolution
		HideSolutionNode = FALSE
	EndGlobalSection
	GlobalSection(ExtensibilityGlobals) = postSolution
		SolutionGuid = {C8969F2F-47C5-470D-AE2D-534A32E69FCD}
	EndGlobalSection
EndGlobal
