
Microsoft Visual Studio Solution File, Format Version 12.00
# Visual Studio Version 16
VisualStudioVersion = 16.0.31729.503
MinimumVisualStudioVersion = 10.0.40219.1
Project("{FAE04EC0-301F-11D3-BF4B-00C04F79EFBC}") = "EjercicioOpc4", "EjercicioOpc4.csproj", "{F99EC24F-5804-4B89-9571-96AE9E07BD54}"
EndProject
Global
	GlobalSection(SolutionConfigurationPlatforms) = preSolution
		Debug|Any CPU = Debug|Any CPU
		Release|Any CPU = Release|Any CPU
	EndGlobalSection
	GlobalSection(ProjectConfigurationPlatforms) = postSolution
		{F99EC24F-5804-4B89-9571-96AE9E07BD54}.Debug|Any CPU.ActiveCfg = Debug|Any CPU
		{F99EC24F-5804-4B89-9571-96AE9E07BD54}.Debug|Any CPU.Build.0 = Debug|Any CPU
		{F99EC24F-5804-4B89-9571-96AE9E07BD54}.Release|Any CPU.ActiveCfg = Release|Any CPU
		{F99EC24F-5804-4B89-9571-96AE9E07BD54}.Release|Any CPU.Build.0 = Release|Any CPU
	EndGlobalSection
	GlobalSection(SolutionProperties) = preSolution
		HideSolutionNode = FALSE
	EndGlobalSection
	GlobalSection(ExtensibilityGlobals) = postSolution
		SolutionGuid = {ACC5DDE4-A61D-4D60-88D4-BBB31117993E}
	EndGlobalSection
EndGlobal
