
Microsoft Visual Studio Solution File, Format Version 12.00
# Visual Studio Version 16
VisualStudioVersion = 16.0.31829.152
MinimumVisualStudioVersion = 10.0.40219.1
Project("{9A19103F-16F7-4668-BE54-9A1E7A4F7556}") = "CRUD-MVVMApp", "CRUD-MVVMApp\CRUD-MVVMApp.csproj", "{73C84609-ACE4-40D8-87C7-AF4A37A33DCD}"
EndProject
Project("{2150E333-8FDC-42A3-9474-1A3956D46DE8}") = "Solution Items", "Solution Items", "{AD399DFB-435E-4A56-A704-A081479B2E6A}"
	ProjectSection(SolutionItems) = preProject
		.editorconfig = .editorconfig
	EndProjectSection
EndProject
Global
	GlobalSection(SolutionConfigurationPlatforms) = preSolution
		Debug|Any CPU = Debug|Any CPU
		Release|Any CPU = Release|Any CPU
	EndGlobalSection
	GlobalSection(ProjectConfigurationPlatforms) = postSolution
		{73C84609-ACE4-40D8-87C7-AF4A37A33DCD}.Debug|Any CPU.ActiveCfg = Debug|Any CPU
		{73C84609-ACE4-40D8-87C7-AF4A37A33DCD}.Debug|Any CPU.Build.0 = Debug|Any CPU
		{73C84609-ACE4-40D8-87C7-AF4A37A33DCD}.Release|Any CPU.ActiveCfg = Release|Any CPU
		{73C84609-ACE4-40D8-87C7-AF4A37A33DCD}.Release|Any CPU.Build.0 = Release|Any CPU
	EndGlobalSection
	GlobalSection(SolutionProperties) = preSolution
		HideSolutionNode = FALSE
	EndGlobalSection
	GlobalSection(ExtensibilityGlobals) = postSolution
		SolutionGuid = {11DC7B9B-7A82-44D7-9813-077DCA5C682D}
	EndGlobalSection
EndGlobal
